// !$*UTF8*$!
{
	archiveVersion = 1;
	classes = {
	};
	objectVersion = 50;
	objects = {

/* Begin PBXBuildFile section */
		FF0F9BA72129059200854FD6 /* AppDelegate.swift in Sources */ = {isa = PBXBuildFile; fileRef = FF0F9BA62129059200854FD6 /* AppDelegate.swift */; };
		FF0F9BA92129059200854FD6 /* ViewController.swift in Sources */ = {isa = PBXBuildFile; fileRef = FF0F9BA82129059200854FD6 /* ViewController.swift */; };
		FF0F9BAC2129059200854FD6 /* Main.storyboard in Resources */ = {isa = PBXBuildFile; fileRef = FF0F9BAA2129059200854FD6 /* Main.storyboard */; };
		FF0F9BAE2129059300854FD6 /* Assets.xcassets in Resources */ = {isa = PBXBuildFile; fileRef = FF0F9BAD2129059300854FD6 /* Assets.xcassets */; };
		FF0F9BB12129059300854FD6 /* LaunchScreen.storyboard in Resources */ = {isa = PBXBuildFile; fileRef = FF0F9BAF2129059300854FD6 /* LaunchScreen.storyboard */; };
		FF0F9BB9212A845F00854FD6 /* dash0.png in Resources */ = {isa = PBXBuildFile; fileRef = FF0F9BB8212A845F00854FD6 /* dash0.png */; };
		FF0F9BBB212A846900854FD6 /* dash1.png in Resources */ = {isa = PBXBuildFile; fileRef = FF0F9BBA212A846900854FD6 /* dash1.png */; };
		FF0F9BBD212A847200854FD6 /* dash2.png in Resources */ = {isa = PBXBuildFile; fileRef = FF0F9BBC212A847100854FD6 /* dash2.png */; };
		FF0F9BBF212A847B00854FD6 /* dash3.png in Resources */ = {isa = PBXBuildFile; fileRef = FF0F9BBE212A847B00854FD6 /* dash3.png */; };
		FF0F9BC1212A848300854FD6 /* dash4.png in Resources */ = {isa = PBXBuildFile; fileRef = FF0F9BC0212A848200854FD6 /* dash4.png */; };
		FF0F9BC3212A849000854FD6 /* dash5.png in Resources */ = {isa = PBXBuildFile; fileRef = FF0F9BC2212A849000854FD6 /* dash5.png */; };
		FF0F9BC5212A84AB00854FD6 /* stop.png in Resources */ = {isa = PBXBuildFile; fileRef = FF0F9BC4212A84AB00854FD6 /* stop.png */; };
		FF0F9BC7212A84BC00854FD6 /* start.png in Resources */ = {isa = PBXBuildFile; fileRef = FF0F9BC6212A84BC00854FD6 /* start.png */; };
/* End PBXBuildFile section */

/* Begin PBXFileReference section */
		FF0F9BA32129059200854FD6 /* Swift4Manga.app */ = {isa = PBXFileReference; explicitFileType = wrapper.application; includeInIndex = 0; path = Swift4Manga.app; sourceTree = BUILT_PRODUCTS_DIR; };
		FF0F9BA62129059200854FD6 /* AppDelegate.swift */ = {isa = PBXFileReference; lastKnownFileType = sourcecode.swift; path = AppDelegate.swift; sourceTree = "<group>"; };
		FF0F9BA82129059200854FD6 /* ViewController.swift */ = {isa = PBXFileReference; lastKnownFileType = sourcecode.swift; path = ViewController.swift; sourceTree = "<group>"; };
		FF0F9BAB2129059200854FD6 /* Base */ = {isa = PBXFileReference; lastKnownFileType = file.storyboard; name = Base; path = Base.lproj/Main.storyboard; sourceTree = "<group>"; };
		FF0F9BAD2129059300854FD6 /* Assets.xcassets */ = {isa = PBXFileReference; lastKnownFileType = folder.assetcatalog; path = Assets.xcassets; sourceTree = "<group>"; };
		FF0F9BB02129059300854FD6 /* Base */ = {isa = PBXFileReference; lastKnownFileType = file.storyboard; name = Base; path = Base.lproj/LaunchScreen.storyboard; sourceTree = "<group>"; };
		FF0F9BB22129059300854FD6 /* Info.plist */ = {isa = PBXFileReference; lastKnownFileType = text.plist.xml; path = Info.plist; sourceTree = "<group>"; };
		FF0F9BB8212A845F00854FD6 /* dash0.png */ = {isa = PBXFileReference; lastKnownFileType = image.png; path = dash0.png; sourceTree = "<group>"; };
		FF0F9BBA212A846900854FD6 /* dash1.png */ = {isa = PBXFileReference; lastKnownFileType = image.png; path = dash1.png; sourceTree = "<group>"; };
		FF0F9BBC212A847100854FD6 /* dash2.png */ = {isa = PBXFileReference; lastKnownFileType = image.png; path = dash2.png; sourceTree = "<group>"; };
		FF0F9BBE212A847B00854FD6 /* dash3.png */ = {isa = PBXFileReference; lastKnownFileType = image.png; path = dash3.png; sourceTree = "<group>"; };
		FF0F9BC0212A848200854FD6 /* dash4.png */ = {isa = PBXFileReference; lastKnownFileType = image.png; path = dash4.png; sourceTree = "<group>"; };
		FF0F9BC2212A849000854FD6 /* dash5.png */ = {isa = PBXFileReference; lastKnownFileType = image.png; path = dash5.png; sourceTree = "<group>"; };
		FF0F9BC4212A84AB00854FD6 /* stop.png */ = {isa = PBXFileReference; lastKnownFileType = image.png; path = stop.png; sourceTree = "<group>"; };
		FF0F9BC6212A84BC00854FD6 /* start.png */ = {isa = PBXFileReference; lastKnownFileType = image.png; path = start.png; sourceTree = "<group>"; };
/* End PBXFileReference section */

/* Begin PBXFrameworksBuildPhase section */
		FF0F9BA02129059200854FD6 /* Frameworks */ = {
			isa = PBXFrameworksBuildPhase;
			buildActionMask = 2147483647;
			files = (
			);
			runOnlyForDeploymentPostprocessing = 0;
		};
/* End PBXFrameworksBuildPhase section */

/* Begin PBXGroup section */
		FF0F9B9A2129059200854FD6 = {
			isa = PBXGroup;
			children = (
				FF0F9BA52129059200854FD6 /* Swift4Manga */,
				FF0F9BA42129059200854FD6 /* Products */,
			);
			sourceTree = "<group>";
		};
		FF0F9BA42129059200854FD6 /* Products */ = {
			isa = PBXGroup;
			children = (
				FF0F9BA32129059200854FD6 /* Swift4Manga.app */,
			);
			name = Products;
			sourceTree = "<group>";
		};
		FF0F9BA52129059200854FD6 /* Swift4Manga */ = {
			isa = PBXGroup;
			children = (
				FF0F9BB8212A845F00854FD6 /* dash0.png */,
				FF0F9BBA212A846900854FD6 /* dash1.png */,
				FF0F9BBC212A847100854FD6 /* dash2.png */,
				FF0F9BBE212A847B00854FD6 /* dash3.png */,
				FF0F9BC0212A848200854FD6 /* dash4.png */,
				FF0F9BC2212A849000854FD6 /* dash5.png */,
				FF0F9BC4212A84AB00854FD6 /* stop.png */,
				FF0F9BC6212A84BC00854FD6 /* start.png */,
				FF0F9BA62129059200854FD6 /* AppDelegate.swift */,
				FF0F9BA82129059200854FD6 /* ViewController.swift */,
				FF0F9BAA2129059200854FD6 /* Main.storyboard */,
				FF0F9BAD2129059300854FD6 /* Assets.xcassets */,
				FF0F9BAF2129059300854FD6 /* LaunchScreen.storyboard */,
				FF0F9BB22129059300854FD6 /* Info.plist */,
			);
			path = Swift4Manga;
			sourceTree = "<group>";
		};
/* End PBXGroup section */

/* Begin PBXNativeTarget section */
		FF0F9BA22129059200854FD6 /* Swift4Manga */ = {
			isa = PBXNativeTarget;
			buildConfigurationList = FF0F9BB52129059300854FD6 /* Build configuration list for PBXNativeTarget "Swift4Manga" */;
			buildPhases = (
				FF0F9B9F2129059200854FD6 /* Sources */,
				FF0F9BA02129059200854FD6 /* Frameworks */,
				FF0F9BA12129059200854FD6 /* Resources */,
			);
			buildRules = (
			);
			dependencies = (
			);
			name = Swift4Manga;
			productName = Swift4Manga;
			productReference = FF0F9BA32129059200854FD6 /* Swift4Manga.app */;
			productType = "com.apple.product-type.application";
		};
/* End PBXNativeTarget section */

/* Begin PBXProject section */
		FF0F9B9B2129059200854FD6 /* Project object */ = {
			isa = PBXProject;
			attributes = {
				LastSwiftUpdateCheck = 0940;
				LastUpgradeCheck = 0940;
				ORGANIZATIONNAME = taiki;
				TargetAttributes = {
					FF0F9BA22129059200854FD6 = {
						CreatedOnToolsVersion = 9.4.1;
					};
				};
			};
			buildConfigurationList = FF0F9B9E2129059200854FD6 /* Build configuration list for PBXProject "Swift4Manga" */;
			compatibilityVersion = "Xcode 9.3";
			developmentRegion = en;
			hasScannedForEncodings = 0;
			knownRegions = (
				en,
				Base,
			);
			mainGroup = FF0F9B9A2129059200854FD6;
			productRefGroup = FF0F9BA42129059200854FD6 /* Products */;
			projectDirPath = "";
			projectRoot = "";
			targets = (
				FF0F9BA22129059200854FD6 /* Swift4Manga */,
			);
		};
/* End PBXProject section */

/* Begin PBXResourcesBuildPhase section */
		FF0F9BA12129059200854FD6 /* Resources */ = {
			isa = PBXResourcesBuildPhase;
			buildActionMask = 2147483647;
			files = (
				FF0F9BC1212A848300854FD6 /* dash4.png in Resources */,
				FF0F9BC5212A84AB00854FD6 /* stop.png in Resources */,
				FF0F9BB9212A845F00854FD6 /* dash0.png in Resources */,
				FF0F9BC7212A84BC00854FD6 /* start.png in Resources */,
				FF0F9BB12129059300854FD6 /* LaunchScreen.storyboard in Resources */,
				FF0F9BAE2129059300854FD6 /* Assets.xcassets in Resources */,
				FF0F9BAC2129059200854FD6 /* Main.storyboard in Resources */,
				FF0F9BBF212A847B00854FD6 /* dash3.png in Resources */,
				FF0F9BBD212A847200854FD6 /* dash2.png in Resources */,
				FF0F9BC3212A849000854FD6 /* dash5.png in Resources */,
				FF0F9BBB212A846900854FD6 /* dash1.png in Resources */,
			);
			runOnlyForDeploymentPostprocessing = 0;
		};
/* End PBXResourcesBuildPhase section */

/* Begin PBXSourcesBuildPhase section */
		FF0F9B9F2129059200854FD6 /* Sources */ = {
			isa = PBXSourcesBuildPhase;
			buildActionMask = 2147483647;
			files = (
				FF0F9BA92129059200854FD6 /* ViewController.swift in Sources */,
				FF0F9BA72129059200854FD6 /* AppDelegate.swift in Sources */,
			);
			runOnlyForDeploymentPostprocessing = 0;
		};
/* End PBXSourcesBuildPhase section */

/* Begin PBXVariantGroup section */
		FF0F9BAA2129059200854FD6 /* Main.storyboard */ = {
			isa = PBXVariantGroup;
			children = (
				FF0F9BAB2129059200854FD6 /* Base */,
			);
			name = Main.storyboard;
			sourceTree = "<group>";
		};
		FF0F9BAF2129059300854FD6 /* LaunchScreen.storyboard */ = {
			isa = PBXVariantGroup;
			children = (
				FF0F9BB02129059300854FD6 /* Base */,
			);
			name = LaunchScreen.storyboard;
			sourceTree = "<group>";
		};
/* End PBXVariantGroup section */

/* Begin XCBuildConfiguration section */
		FF0F9BB32129059300854FD6 /* Debug */ = {
			isa = XCBuildConfiguration;
			buildSettings = {
				ALWAYS_SEARCH_USER_PATHS = NO;
				CLANG_ANALYZER_NONNULL = YES;
				CLANG_ANALYZER_NUMBER_OBJECT_CONVERSION = YES_AGGRESSIVE;
				CLANG_CXX_LANGUAGE_STANDARD = "gnu++14";
				CLANG_CXX_LIBRARY = "libc++";
				CLANG_ENABLE_MODULES = YES;
				CLANG_ENABLE_OBJC_ARC = YES;
				CLANG_ENABLE_OBJC_WEAK = YES;
				CLANG_WARN_BLOCK_CAPTURE_AUTORELEASING = YES;
				CLANG_WARN_BOOL_CONVERSION = YES;
				CLANG_WARN_COMMA = YES;
				CLANG_WARN_CONSTANT_CONVERSION = YES;
				CLANG_WARN_DEPRECATED_OBJC_IMPLEMENTATIONS = YES;
				CLANG_WARN_DIRECT_OBJC_ISA_USAGE = YES_ERROR;
				CLANG_WARN_DOCUMENTATION_COMMENTS = YES;
				CLANG_WARN_EMPTY_BODY = YES;
				CLANG_WARN_ENUM_CONVERSION = YES;
				CLANG_WARN_INFINITE_RECURSION = YES;
				CLANG_WARN_INT_CONVERSION = YES;
				CLANG_WARN_NON_LITERAL_NULL_CONVERSION = YES;
				CLANG_WARN_OBJC_IMPLICIT_RETAIN_SELF = YES;
				CLANG_WARN_OBJC_LITERAL_CONVERSION = YES;
				CLANG_WARN_OBJC_ROOT_CLASS = YES_ERROR;
				CLANG_WARN_RANGE_LOOP_ANALYSIS = YES;
				CLANG_WARN_STRICT_PROTOTYPES = YES;
				CLANG_WARN_SUSPICIOUS_MOVE = YES;
				CLANG_WARN_UNGUARDED_AVAILABILITY = YES_AGGRESSIVE;
				CLANG_WARN_UNREACHABLE_CODE = YES;
				CLANG_WARN__DUPLICATE_METHOD_MATCH = YES;
				CODE_SIGN_IDENTITY = "iPhone Developer";
				COPY_PHASE_STRIP = NO;
				DEBUG_INFORMATION_FORMAT = dwarf;
				ENABLE_STRICT_OBJC_MSGSEND = YES;
				ENABLE_TESTABILITY = YES;
				GCC_C_LANGUAGE_STANDARD = gnu11;
				GCC_DYNAMIC_NO_PIC = NO;
				GCC_NO_COMMON_BLOCKS = YES;
				GCC_OPTIMIZATION_LEVEL = 0;
				GCC_PREPROCESSOR_DEFINITIONS = (
					"DEBUG=1",
					"$(inherited)",
				);
				GCC_WARN_64_TO_32_BIT_CONVERSION = YES;
				GCC_WARN_ABOUT_RETURN_TYPE = YES_ERROR;
				GCC_WARN_UNDECLARED_SELECTOR = YES;
				GCC_WARN_UNINITIALIZED_AUTOS = YES_AGGRESSIVE;
				GCC_WARN_UNUSED_FUNCTION = YES;
				GCC_WARN_UNUSED_VARIABLE = YES;
				IPHONEOS_DEPLOYMENT_TARGET = 11.4;
				MTL_ENABLE_DEBUG_INFO = YES;
				ONLY_ACTIVE_ARCH = YES;
				SDKROOT = iphoneos;
				SWIFT_ACTIVE_COMPILATION_CONDITIONS = DEBUG;
				SWIFT_OPTIMIZATION_LEVEL = "-Onone";
			};
			name = Debug;
		};
		FF0F9BB42129059300854FD6 /* Release */ = {
			isa = XCBuildConfiguration;
			buildSettings = {
				ALWAYS_SEARCH_USER_PATHS = NO;
				CLANG_ANALYZER_NONNULL = YES;
				CLANG_ANALYZER_NUMBER_OBJECT_CONVERSION = YES_AGGRESSIVE;
				CLANG_CXX_LANGUAGE_STANDARD = "gnu++14";
				CLANG_CXX_LIBRARY = "libc++";
				CLANG_ENABLE_MODULES = YES;
				CLANG_ENABLE_OBJC_ARC = YES;
				CLANG_ENABLE_OBJC_WEAK = YES;
				CLANG_WARN_BLOCK_CAPTURE_AUTORELEASING = YES;
				CLANG_WARN_BOOL_CONVERSION = YES;
				CLANG_WARN_COMMA = YES;
				CLANG_WARN_CONSTANT_CONVERSION = YES;
				CLANG_WARN_DEPRECATED_OBJC_IMPLEMENTATIONS = YES;
				CLANG_WARN_DIRECT_OBJC_ISA_USAGE = YES_ERROR;
				CLANG_WARN_DOCUMENTATION_COMMENTS = YES;
				CLANG_WARN_EMPTY_BODY = YES;
				CLANG_WARN_ENUM_CONVERSION = YES;
				CLANG_WARN_INFINITE_RECURSION = YES;
				CLANG_WARN_INT_CONVERSION = YES;
				CLANG_WARN_NON_LITERAL_NULL_CONVERSION = YES;
				CLANG_WARN_OBJC_IMPLICIT_RETAIN_SELF = YES;
				CLANG_WARN_OBJC_LITERAL_CONVERSION = YES;
				CLANG_WARN_OBJC_ROOT_CLASS = YES_ERROR;
				CLANG_WARN_RANGE_LOOP_ANALYSIS = YES;
				CLANG_WARN_STRICT_PROTOTYPES = YES;
				CLANG_WARN_SUSPICIOUS_MOVE = YES;
				CLANG_WARN_UNGUARDED_AVAILABILITY = YES_AGGRESSIVE;
				CLANG_WARN_UNREACHABLE_CODE = YES;
				CLANG_WARN__DUPLICATE_METHOD_MATCH = YES;
				CODE_SIGN_IDENTITY = "iPhone Developer";
				COPY_PHASE_STRIP = NO;
				DEBUG_INFORMATION_FORMAT = "dwarf-with-dsym";
				ENABLE_NS_ASSERTIONS = NO;
				ENABLE_STRICT_OBJC_MSGSEND = YES;
				GCC_C_LANGUAGE_STANDARD = gnu11;
				GCC_NO_COMMON_BLOCKS = YES;
				GCC_WARN_64_TO_32_BIT_CONVERSION = YES;
				GCC_WARN_ABOUT_RETURN_TYPE = YES_ERROR;
				GCC_WARN_UNDECLARED_SELECTOR = YES;
				GCC_WARN_UNINITIALIZED_AUTOS = YES_AGGRESSIVE;
				GCC_WARN_UNUSED_FUNCTION = YES;
				GCC_WARN_UNUSED_VARIABLE = YES;
				IPHONEOS_DEPLOYMENT_TARGET = 11.4;
				MTL_ENABLE_DEBUG_INFO = NO;
				SDKROOT = iphoneos;
				SWIFT_COMPILATION_MODE = wholemodule;
				SWIFT_OPTIMIZATION_LEVEL = "-O";
				VALIDATE_PRODUCT = YES;
			};
			name = Release;
		};
		FF0F9BB62129059300854FD6 /* Debug */ = {
			isa = XCBuildConfiguration;
			buildSettings = {
				ASSETCATALOG_COMPILER_APPICON_NAME = AppIcon;
				CODE_SIGN_STYLE = Automatic;
				DEVELOPMENT_TEAM = 2MW7724T87;
				INFOPLIST_FILE = Swift4Manga/Info.plist;
				LD_RUNPATH_SEARCH_PATHS = (
					"$(inherited)",
					"@executable_path/Frameworks",
				);
				PRODUCT_BUNDLE_IDENTIFIER = com.taiki.Swift4Manga;
				PRODUCT_NAME = "$(TARGET_NAME)";
				SWIFT_VERSION = 4.0;
				TARGETED_DEVICE_FAMILY = "1,2";
			};
			name = Debug;
		};
		FF0F9BB72129059300854FD6 /* Release */ = {
			isa = XCBuildConfiguration;
			buildSettings = {
				ASSETCATALOG_COMPILER_APPICON_NAME = AppIcon;
				CODE_SIGN_STYLE = Automatic;
				DEVELOPMENT_TEAM = 2MW7724T87;
				INFOPLIST_FILE = Swift4Manga/Info.plist;
				LD_RUNPATH_SEARCH_PATHS = (
					"$(inherited)",
					"@executable_path/Frameworks",
				);
				PRODUCT_BUNDLE_IDENTIFIER = com.taiki.Swift4Manga;
				PRODUCT_NAME = "$(TARGET_NAME)";
				SWIFT_VERSION = 4.0;
				TARGETED_DEVICE_FAMILY = "1,2";
			};
			name = Release;
		};
/* End XCBuildConfiguration section */

/* Begin XCConfigurationList section */
		FF0F9B9E2129059200854FD6 /* Build configuration list for PBXProject "Swift4Manga" */ = {
			isa = XCConfigurationList;
			buildConfigurations = (
				FF0F9BB32129059300854FD6 /* Debug */,
				FF0F9BB42129059300854FD6 /* Release */,
			);
			defaultConfigurationIsVisible = 0;
			defaultConfigurationName = Release;
		};
		FF0F9BB52129059300854FD6 /* Build configuration list for PBXNativeTarget "Swift4Manga" */ = {
			isa = XCConfigurationList;
			buildConfigurations = (
				FF0F9BB62129059300854FD6 /* Debug */,
				FF0F9BB72129059300854FD6 /* Release */,
			);
			defaultConfigurationIsVisible = 0;
			defaultConfigurationName = Release;
		};
/* End XCConfigurationList section */
	};
	rootObject = FF0F9B9B2129059200854FD6 /* Project object */;
}
